<?xml version="1.0" encoding="utf-8"?>
<Project ToolsVersion="4.0" xmlns="http://schemas.microsoft.com/developer/msbuild/2003">
  <ItemGroup>
    <Filter Include="src">
      <UniqueIdentifier>{be27c87d-1c13-4382-8370-7c6627216afe}</UniqueIdentifier>
    </Filter>
    <Filter Include="src\GUI">
      <UniqueIdentifier>{fc7c8ff8-8e65-442c-9175-e1a1350ce087}</UniqueIdentifier>
    </Filter>
    <Filter Include="src\GUI\Widgets">
      <UniqueIdentifier>{ea948189-236e-4075-a14c-ea57a1257e12}</UniqueIdentifier>
    </Filter>
    <Filter Include="src\GUI\BaseClasses">
      <UniqueIdentifier>{43d81d9d-68fe-4e9e-8a24-c75e0d9b7155}</UniqueIdentifier>
    </Filter>
    <Filter Include="src\GUI\BaseClasses\Window">
      <UniqueIdentifier>{c6152cee-4ee0-4ece-b3b9-467c6a46d3dc}</UniqueIdentifier>
    </Filter>
    <Filter Include="src\GUI\Widgets\InstallWindow">
      <UniqueIdentifier>{06f1671e-996e-4390-af83-1f41296d8519}</UniqueIdentifier>
    </Filter>
    <Filter Include="src\GUI\Widgets\InstallWindow\InstallButton">
      <UniqueIdentifier>{69da0587-b8bd-4103-83b2-ccaae494dc05}</UniqueIdentifier>
    </Filter>
    <Filter Include="src\GUI\Widgets\InstallWindow\SteamPathInputBox">
      <UniqueIdentifier>{e6ba1251-3e02-4ef1-913e-e87a9c729b9f}</UniqueIdentifier>
    </Filter>
    <Filter Include="src\GUI\BaseClasses\Button">
      <UniqueIdentifier>{bac98dab-682f-43ba-8b4f-993f7c01fd36}</UniqueIdentifier>
    </Filter>
    <Filter Include="src\Installer">
      <UniqueIdentifier>{31fab49f-7fdc-45f5-a800-5428e2a5240c}</UniqueIdentifier>
    </Filter>
    <Filter Include="src\Installer\include">
      <UniqueIdentifier>{6f3d72e6-24f4-4a1b-a1d5-83e1ce5a4ef2}</UniqueIdentifier>
    </Filter>
    <Filter Include="src\Installer\7zNSIS">
      <UniqueIdentifier>{bb3dc9dd-5eb3-4443-a570-930e725168c7}</UniqueIdentifier>
    </Filter>
    <Filter Include="src\Installer\ExtraGameContent">
      <UniqueIdentifier>{4b71cae7-eb3c-4543-9ad0-139173ec999f}</UniqueIdentifier>
    </Filter>
  </ItemGroup>
  <ItemGroup>
    <ClCompile Include="src\Main.cpp">
      <Filter>src</Filter>
    </ClCompile>
    <ClCompile Include="src\GUI\GUI.cpp">
      <Filter>src\GUI</Filter>
    </ClCompile>
    <ClCompile Include="src\GUI\BaseClasses\Window\Window.cpp">
      <Filter>src\GUI\BaseClasses\Window</Filter>
    </ClCompile>
    <ClCompile Include="src\GUI\Widgets\InstallWindow\InstallWindow.cpp">
      <Filter>src\GUI\Widgets\InstallWindow</Filter>
    </ClCompile>
    <ClCompile Include="src\GUI\Widgets\InstallWindow\InstallButton\InstallButton.cpp">
      <Filter>src\GUI\Widgets\InstallWindow\InstallButton</Filter>
    </ClCompile>
    <ClCompile Include="src\GUI\Widgets\InstallWindow\SteamPathInputBox\SteamPathInputBox.cpp">
      <Filter>src\GUI\Widgets\InstallWindow\SteamPathInputBox</Filter>
    </ClCompile>
    <ClCompile Include="src\GUI\BaseClasses\Button\Button.cpp">
      <Filter>src\GUI\BaseClasses\Button</Filter>
    </ClCompile>
    <ClCompile Include="src\Installer\Installer.cpp">
      <Filter>src\Installer</Filter>
    </ClCompile>
    <ClCompile Include="src\Installer\include\DownloadGame.cpp">
      <Filter>src\Installer\include</Filter>
    </ClCompile>
    <ClCompile Include="src\Installer\7zNSIS\7zNSIS.cpp">
      <Filter>src\Installer\7zNSIS</Filter>
    </ClCompile>
    <ClCompile Include="src\Installer\include\ExtractGameFiles.cpp">
      <Filter>src\Installer\include</Filter>
    </ClCompile>
    <ClCompile Include="src\Installer\include\ModifyGameFiles.cpp">
      <Filter>src\Installer\include</Filter>
    </ClCompile>
    <ClCompile Include="src\Installer\ExtraGameContent\RawConfigData.cpp">
      <Filter>src\Installer\ExtraGameContent</Filter>
    </ClCompile>
    <ClCompile Include="src\Installer\include\InstallSourceSDKBase2006.cpp">
      <Filter>src\Installer\include</Filter>
    </ClCompile>
    <ClCompile Include="src\Installer\include\InstallGame.cpp">
      <Filter>src\Installer\include</Filter>
    </ClCompile>
  </ItemGroup>
  <ItemGroup>
    <ClInclude Include="src\GUI\GUI.h">
      <Filter>src\GUI</Filter>
    </ClInclude>
    <ClInclude Include="src\GUI\BaseClasses\Window\Window.h">
      <Filter>src\GUI\BaseClasses\Window</Filter>
    </ClInclude>
    <ClInclude Include="src\GUI\Widgets\InstallWindow\InstallWindow.h">
      <Filter>src\GUI\Widgets\InstallWindow</Filter>
    </ClInclude>
    <ClInclude Include="src\GUI\Widgets\InstallWindow\InstallButton\InstallButton.h">
      <Filter>src\GUI\Widgets\InstallWindow\InstallButton</Filter>
    </ClInclude>
    <ClInclude Include="src\GUI\Widgets\InstallWindow\SteamPathInputBox\SteamPathInputBox.h">
      <Filter>src\GUI\Widgets\InstallWindow\SteamPathInputBox</Filter>
    </ClInclude>
    <ClInclude Include="src\GUI\BaseClasses\Button\Button.h">
      <Filter>src\GUI\BaseClasses\Button</Filter>
    </ClInclude>
    <ClInclude Include="src\Installer\Installer.h">
      <Filter>src\Installer</Filter>
    </ClInclude>
    <ClInclude Include="src\Installer\include\DownloadGame.h">
      <Filter>src\Installer\include</Filter>
    </ClInclude>
    <ClInclude Include="src\Installer\7zNSIS\7zNSIS.h">
      <Filter>src\Installer\7zNSIS</Filter>
    </ClInclude>
    <ClInclude Include="src\Installer\include\ExtractGameFiles.h">
      <Filter>src\Installer\include</Filter>
    </ClInclude>
    <ClInclude Include="src\Installer\include\ModifyGameFiles.h">
      <Filter>src\Installer\include</Filter>
    </ClInclude>
    <ClInclude Include="resource.h" />
    <ClInclude Include="src\Installer\ExtraGameContent\RawConfigData.h">
      <Filter>src\Installer\ExtraGameContent</Filter>
    </ClInclude>
    <ClInclude Include="src\Installer\include\InstallSourceSDKBase2006.h">
      <Filter>src\Installer\include</Filter>
    </ClInclude>
    <ClInclude Include="src\Installer\include\InstallGame.h">
      <Filter>src\Installer\include</Filter>
    </ClInclude>
  </ItemGroup>
  <ItemGroup>
    <ResourceCompile Include="GHSI-2.rc" />
  </ItemGroup>
  <ItemGroup>
    <None Include="maps1.bin" />
    <None Include="src\Installer\ExtraGameContent\maps.zip" />
  </ItemGroup>
  <ItemGroup>
    <Image Include="GHSI.ico" />
  </ItemGroup>
</Project>